
Microsoft Visual Studio Solution File, Format Version 12.00
# Visual Studio Version 16
VisualStudioVersion = 16.0.29411.108
MinimumVisualStudioVersion = 10.0.40219.1
Project("{2150E333-8FDC-42A3-9474-1A3956D46DE8}") = "Microservices", "Microservices", "{094F88B6-10AB-420C-AA0D-FC5FBF08E51B}"
EndProject
Project("{2150E333-8FDC-42A3-9474-1A3956D46DE8}") = "Domain", "Domain", "{86EC5B99-78BD-4AD3-8AB7-8E101A239F28}"
EndProject
Project("{2150E333-8FDC-42A3-9474-1A3956D46DE8}") = "Infra.Bus", "Infra.Bus", "{DDA18E3D-7340-46DB-AF84-04F170E3F134}"
EndProject
Project("{2150E333-8FDC-42A3-9474-1A3956D46DE8}") = "Infra.IoC", "Infra.IoC", "{3A2EFDC0-7B8A-46BA-AC31-C4BC791A5F6D}"
EndProject
Project("{2150E333-8FDC-42A3-9474-1A3956D46DE8}") = "Presentation", "Presentation", "{BD447D63-1688-411F-AA6D-A0F8CF851663}"
EndProject
Project("{FAE04EC0-301F-11D3-BF4B-00C04F79EFBC}") = "MicroRabbit.Domain.Core", "MicroRabbit.Domain.Core\MicroRabbit.Domain.Core.csproj", "{6810D6B3-5FFD-4009-ADB1-2A0D47D8D6DB}"
EndProject
Project("{FAE04EC0-301F-11D3-BF4B-00C04F79EFBC}") = "MicroRabbit.Infraestructure.Bus", "MicroRabbit.Infraestructure.Bus\MicroRabbit.Infraestructure.Bus.csproj", "{DAE872DE-DD27-4831-BB2D-14881AD75F46}"
EndProject
Project("{FAE04EC0-301F-11D3-BF4B-00C04F79EFBC}") = "MicroRabbit.Infra.IoC", "MicroRabbit.Infra.IoC\MicroRabbit.Infra.IoC.csproj", "{5AE60388-658C-415B-ADB3-C16F7ADAEF87}"
EndProject
Project("{2150E333-8FDC-42A3-9474-1A3956D46DE8}") = "Banking", "Banking", "{0EA6BF42-C9EB-49C5-A385-D6D82D5ECD2D}"
EndProject
Project("{2150E333-8FDC-42A3-9474-1A3956D46DE8}") = "Api", "Api", "{67C00924-344E-4F22-89A9-F3CD75083ADE}"
EndProject
Project("{2150E333-8FDC-42A3-9474-1A3956D46DE8}") = "Domain", "Domain", "{8068AD59-F022-423D-BBC2-D44828678ADD}"
EndProject
Project("{2150E333-8FDC-42A3-9474-1A3956D46DE8}") = "Application", "Application", "{4BBAC3F9-8024-4638-8F82-722B1EE11AF0}"
EndProject
Project("{2150E333-8FDC-42A3-9474-1A3956D46DE8}") = "Data", "Data", "{8F8E4C96-97F6-47E2-A0CD-37870A3FA05A}"
EndProject
Project("{FAE04EC0-301F-11D3-BF4B-00C04F79EFBC}") = "MicroRabbit.Banking.Api", "MicroRabbit.Banking.Api\MicroRabbit.Banking.Api.csproj", "{21B5B4E2-9F01-4839-A972-9443942085F0}"
EndProject
Project("{FAE04EC0-301F-11D3-BF4B-00C04F79EFBC}") = "MicroRabbit.Banking.Application", "MicroRabbit.Banking.Application\MicroRabbit.Banking.Application.csproj", "{CAAA9493-27C3-497F-884B-84BDD880996A}"
EndProject
Project("{FAE04EC0-301F-11D3-BF4B-00C04F79EFBC}") = "MicroRabbit.Banking.Data", "MicroRabbit.Banking.Data\MicroRabbit.Banking.Data.csproj", "{98A3BA60-6990-438C-B279-62C333992595}"
EndProject
Project("{FAE04EC0-301F-11D3-BF4B-00C04F79EFBC}") = "MicroRabbit.Banking.Domain", "MicroRabbit.Banking.Domain\MicroRabbit.Banking.Domain.csproj", "{752561DA-3331-4F33-9C87-0DE052F95937}"
EndProject
Global
	GlobalSection(SolutionConfigurationPlatforms) = preSolution
		Debug|Any CPU = Debug|Any CPU
		Release|Any CPU = Release|Any CPU
	EndGlobalSection
	GlobalSection(ProjectConfigurationPlatforms) = postSolution
		{6810D6B3-5FFD-4009-ADB1-2A0D47D8D6DB}.Debug|Any CPU.ActiveCfg = Debug|Any CPU
		{6810D6B3-5FFD-4009-ADB1-2A0D47D8D6DB}.Debug|Any CPU.Build.0 = Debug|Any CPU
		{6810D6B3-5FFD-4009-ADB1-2A0D47D8D6DB}.Release|Any CPU.ActiveCfg = Release|Any CPU
		{6810D6B3-5FFD-4009-ADB1-2A0D47D8D6DB}.Release|Any CPU.Build.0 = Release|Any CPU
		{DAE872DE-DD27-4831-BB2D-14881AD75F46}.Debug|Any CPU.ActiveCfg = Debug|Any CPU
		{DAE872DE-DD27-4831-BB2D-14881AD75F46}.Debug|Any CPU.Build.0 = Debug|Any CPU
		{DAE872DE-DD27-4831-BB2D-14881AD75F46}.Release|Any CPU.ActiveCfg = Release|Any CPU
		{DAE872DE-DD27-4831-BB2D-14881AD75F46}.Release|Any CPU.Build.0 = Release|Any CPU
		{5AE60388-658C-415B-ADB3-C16F7ADAEF87}.Debug|Any CPU.ActiveCfg = Debug|Any CPU
		{5AE60388-658C-415B-ADB3-C16F7ADAEF87}.Debug|Any CPU.Build.0 = Debug|Any CPU
		{5AE60388-658C-415B-ADB3-C16F7ADAEF87}.Release|Any CPU.ActiveCfg = Release|Any CPU
		{5AE60388-658C-415B-ADB3-C16F7ADAEF87}.Release|Any CPU.Build.0 = Release|Any CPU
		{21B5B4E2-9F01-4839-A972-9443942085F0}.Debug|Any CPU.ActiveCfg = Debug|Any CPU
		{21B5B4E2-9F01-4839-A972-9443942085F0}.Debug|Any CPU.Build.0 = Debug|Any CPU
		{21B5B4E2-9F01-4839-A972-9443942085F0}.Release|Any CPU.ActiveCfg = Release|Any CPU
		{21B5B4E2-9F01-4839-A972-9443942085F0}.Release|Any CPU.Build.0 = Release|Any CPU
		{CAAA9493-27C3-497F-884B-84BDD880996A}.Debug|Any CPU.ActiveCfg = Debug|Any CPU
		{CAAA9493-27C3-497F-884B-84BDD880996A}.Debug|Any CPU.Build.0 = Debug|Any CPU
		{CAAA9493-27C3-497F-884B-84BDD880996A}.Release|Any CPU.ActiveCfg = Release|Any CPU
		{CAAA9493-27C3-497F-884B-84BDD880996A}.Release|Any CPU.Build.0 = Release|Any CPU
		{98A3BA60-6990-438C-B279-62C333992595}.Debug|Any CPU.ActiveCfg = Debug|Any CPU
		{98A3BA60-6990-438C-B279-62C333992595}.Debug|Any CPU.Build.0 = Debug|Any CPU
		{98A3BA60-6990-438C-B279-62C333992595}.Release|Any CPU.ActiveCfg = Release|Any CPU
		{98A3BA60-6990-438C-B279-62C333992595}.Release|Any CPU.Build.0 = Release|Any CPU
		{752561DA-3331-4F33-9C87-0DE052F95937}.Debug|Any CPU.ActiveCfg = Debug|Any CPU
		{752561DA-3331-4F33-9C87-0DE052F95937}.Debug|Any CPU.Build.0 = Debug|Any CPU
		{752561DA-3331-4F33-9C87-0DE052F95937}.Release|Any CPU.ActiveCfg = Release|Any CPU
		{752561DA-3331-4F33-9C87-0DE052F95937}.Release|Any CPU.Build.0 = Release|Any CPU
	EndGlobalSection
	GlobalSection(SolutionProperties) = preSolution
		HideSolutionNode = FALSE
	EndGlobalSection
	GlobalSection(NestedProjects) = preSolution
		{6810D6B3-5FFD-4009-ADB1-2A0D47D8D6DB} = {86EC5B99-78BD-4AD3-8AB7-8E101A239F28}
		{DAE872DE-DD27-4831-BB2D-14881AD75F46} = {DDA18E3D-7340-46DB-AF84-04F170E3F134}
		{5AE60388-658C-415B-ADB3-C16F7ADAEF87} = {3A2EFDC0-7B8A-46BA-AC31-C4BC791A5F6D}
		{0EA6BF42-C9EB-49C5-A385-D6D82D5ECD2D} = {094F88B6-10AB-420C-AA0D-FC5FBF08E51B}
		{67C00924-344E-4F22-89A9-F3CD75083ADE} = {0EA6BF42-C9EB-49C5-A385-D6D82D5ECD2D}
		{8068AD59-F022-423D-BBC2-D44828678ADD} = {0EA6BF42-C9EB-49C5-A385-D6D82D5ECD2D}
		{4BBAC3F9-8024-4638-8F82-722B1EE11AF0} = {0EA6BF42-C9EB-49C5-A385-D6D82D5ECD2D}
		{8F8E4C96-97F6-47E2-A0CD-37870A3FA05A} = {0EA6BF42-C9EB-49C5-A385-D6D82D5ECD2D}
		{21B5B4E2-9F01-4839-A972-9443942085F0} = {67C00924-344E-4F22-89A9-F3CD75083ADE}
		{CAAA9493-27C3-497F-884B-84BDD880996A} = {4BBAC3F9-8024-4638-8F82-722B1EE11AF0}
		{98A3BA60-6990-438C-B279-62C333992595} = {8F8E4C96-97F6-47E2-A0CD-37870A3FA05A}
		{752561DA-3331-4F33-9C87-0DE052F95937} = {8068AD59-F022-423D-BBC2-D44828678ADD}
	EndGlobalSection
	GlobalSection(ExtensibilityGlobals) = postSolution
		SolutionGuid = {535DF6A6-3EBB-469A-9C8C-D220141425C7}
	EndGlobalSection
EndGlobal
